
Microsoft Visual Studio Solution File, Format Version 12.00
# Visual Studio 15
VisualStudioVersion = 15.0.28307.136
MinimumVisualStudioVersion = 10.0.40219.1
Project("{9A19103F-16F7-4668-BE54-9A1E7A4F7556}") = "DBContextScaffolding", "DBContextScaffolding\DBContextScaffolding.csproj", "{D127F4AC-43F9-40E0-824F-0DD44E0BA2A5}"
EndProject
Global
	GlobalSection(SolutionConfigurationPlatforms) = preSolution
		Debug|Any CPU = Debug|Any CPU
		Release|Any CPU = Release|Any CPU
	EndGlobalSection
	GlobalSection(ProjectConfigurationPlatforms) = postSolution
		{D127F4AC-43F9-40E0-824F-0DD44E0BA2A5}.Debug|Any CPU.ActiveCfg = Debug|Any CPU
		{D127F4AC-43F9-40E0-824F-0DD44E0BA2A5}.Debug|Any CPU.Build.0 = Debug|Any CPU
		{D127F4AC-43F9-40E0-824F-0DD44E0BA2A5}.Release|Any CPU.ActiveCfg = Release|Any CPU
		{D127F4AC-43F9-40E0-824F-0DD44E0BA2A5}.Release|Any CPU.Build.0 = Release|Any CPU
	EndGlobalSection
	GlobalSection(SolutionProperties) = preSolution
		HideSolutionNode = FALSE
	EndGlobalSection
	GlobalSection(ExtensibilityGlobals) = postSolution
		SolutionGuid = {ED13D2C0-76BF-4DF3-B558-F9D5695BCB43}
	EndGlobalSection
EndGlobal
